
Microsoft Visual Studio Solution File, Format Version 12.00
Project("{FAE04EC0-301F-11D3-BF4B-00C04F79EFBC}") = "EventSource", "EventSource\EventSource.csproj", "{A8051EFB-CE23-4B16-96AC-6C43D2A1F6D0}"
EndProject
Project("{FAE04EC0-301F-11D3-BF4B-00C04F79EFBC}") = "EventSource.ConsoleApp", "EventSource.ConsoleApp\EventSource.ConsoleApp.csproj", "{61B768CE-3DA3-4629-BA9F-91F4B77635C6}"
EndProject
Project("{2150E333-8FDC-42A3-9474-1A3956D46DE8}") = "CacheServer", "CacheServer", "{EABECDFD-EE83-4F09-A964-088A82353D5E}"
EndProject
Project("{2150E333-8FDC-42A3-9474-1A3956D46DE8}") = "MessageBrokers", "MessageBrokers", "{6D708361-338F-4D74-9D2C-035537691781}"
EndProject
Project("{FAE04EC0-301F-11D3-BF4B-00C04F79EFBC}") = "CacheServerCore", "CacheServerCore\CacheServerCore.csproj", "{89AC224C-36D2-49FF-AA65-DB1C58DEFF89}"
EndProject
Project("{FAE04EC0-301F-11D3-BF4B-00C04F79EFBC}") = "CacheServerCoreTest", "CacheServerCoreTest\CacheServerCoreTest.csproj", "{9FD6199A-860B-41A1-A55A-93AFFDDB2D27}"
EndProject
Project("{FAE04EC0-301F-11D3-BF4B-00C04F79EFBC}") = "Brokers", "Brokers\Brokers.csproj", "{0598F722-700B-4AD1-9C1C-1BF9A3A4C511}"
EndProject
Project("{FAE04EC0-301F-11D3-BF4B-00C04F79EFBC}") = "Broker.Test.Unit", "Broker.Test.Unit\Broker.Test.Unit.csproj", "{AFCA67C8-755B-4A59-9B8B-F5100CE3DC6B}"
EndProject
Project("{2150E333-8FDC-42A3-9474-1A3956D46DE8}") = "UserManager", "UserManager", "{EB06D80D-69FB-49B4-B931-6B0B1B9A31CA}"
EndProject
Project("{FAE04EC0-301F-11D3-BF4B-00C04F79EFBC}") = "UserManagement.core", "UserManagement\UserManagement.core\UserManagement.core.csproj", "{1FAAF2D6-E773-4932-A612-860300A22D66}"
EndProject
Project("{FAE04EC0-301F-11D3-BF4B-00C04F79EFBC}") = "UserManagement.UnitTest", "UserManagement\UserManagement.UnitTest\UserManagement.UnitTest.csproj", "{5708FA48-8966-4E52-A9C1-15B6D1EC2F60}"
EndProject
Project("{FAE04EC0-301F-11D3-BF4B-00C04F79EFBC}") = "UserManager.api", "UserManager.api\UserManager.api.csproj", "{6030E3E0-4C43-4C54-BC38-EF324A8560C7}"
EndProject
Global
	GlobalSection(SolutionConfigurationPlatforms) = preSolution
		Debug|Any CPU = Debug|Any CPU
		Release|Any CPU = Release|Any CPU
	EndGlobalSection
	GlobalSection(ProjectConfigurationPlatforms) = postSolution
		{A8051EFB-CE23-4B16-96AC-6C43D2A1F6D0}.Debug|Any CPU.ActiveCfg = Debug|Any CPU
		{A8051EFB-CE23-4B16-96AC-6C43D2A1F6D0}.Debug|Any CPU.Build.0 = Debug|Any CPU
		{A8051EFB-CE23-4B16-96AC-6C43D2A1F6D0}.Release|Any CPU.ActiveCfg = Release|Any CPU
		{A8051EFB-CE23-4B16-96AC-6C43D2A1F6D0}.Release|Any CPU.Build.0 = Release|Any CPU
		{61B768CE-3DA3-4629-BA9F-91F4B77635C6}.Debug|Any CPU.ActiveCfg = Debug|Any CPU
		{61B768CE-3DA3-4629-BA9F-91F4B77635C6}.Debug|Any CPU.Build.0 = Debug|Any CPU
		{61B768CE-3DA3-4629-BA9F-91F4B77635C6}.Release|Any CPU.ActiveCfg = Release|Any CPU
		{61B768CE-3DA3-4629-BA9F-91F4B77635C6}.Release|Any CPU.Build.0 = Release|Any CPU
		{89AC224C-36D2-49FF-AA65-DB1C58DEFF89}.Debug|Any CPU.ActiveCfg = Debug|Any CPU
		{89AC224C-36D2-49FF-AA65-DB1C58DEFF89}.Debug|Any CPU.Build.0 = Debug|Any CPU
		{89AC224C-36D2-49FF-AA65-DB1C58DEFF89}.Release|Any CPU.ActiveCfg = Release|Any CPU
		{89AC224C-36D2-49FF-AA65-DB1C58DEFF89}.Release|Any CPU.Build.0 = Release|Any CPU
		{9FD6199A-860B-41A1-A55A-93AFFDDB2D27}.Debug|Any CPU.ActiveCfg = Debug|Any CPU
		{9FD6199A-860B-41A1-A55A-93AFFDDB2D27}.Debug|Any CPU.Build.0 = Debug|Any CPU
		{9FD6199A-860B-41A1-A55A-93AFFDDB2D27}.Release|Any CPU.ActiveCfg = Release|Any CPU
		{9FD6199A-860B-41A1-A55A-93AFFDDB2D27}.Release|Any CPU.Build.0 = Release|Any CPU
		{0598F722-700B-4AD1-9C1C-1BF9A3A4C511}.Debug|Any CPU.ActiveCfg = Debug|Any CPU
		{0598F722-700B-4AD1-9C1C-1BF9A3A4C511}.Debug|Any CPU.Build.0 = Debug|Any CPU
		{0598F722-700B-4AD1-9C1C-1BF9A3A4C511}.Release|Any CPU.ActiveCfg = Release|Any CPU
		{0598F722-700B-4AD1-9C1C-1BF9A3A4C511}.Release|Any CPU.Build.0 = Release|Any CPU
		{AFCA67C8-755B-4A59-9B8B-F5100CE3DC6B}.Debug|Any CPU.ActiveCfg = Debug|Any CPU
		{AFCA67C8-755B-4A59-9B8B-F5100CE3DC6B}.Debug|Any CPU.Build.0 = Debug|Any CPU
		{AFCA67C8-755B-4A59-9B8B-F5100CE3DC6B}.Release|Any CPU.ActiveCfg = Release|Any CPU
		{AFCA67C8-755B-4A59-9B8B-F5100CE3DC6B}.Release|Any CPU.Build.0 = Release|Any CPU
		{1FAAF2D6-E773-4932-A612-860300A22D66}.Debug|Any CPU.ActiveCfg = Debug|Any CPU
		{1FAAF2D6-E773-4932-A612-860300A22D66}.Debug|Any CPU.Build.0 = Debug|Any CPU
		{1FAAF2D6-E773-4932-A612-860300A22D66}.Release|Any CPU.ActiveCfg = Release|Any CPU
		{1FAAF2D6-E773-4932-A612-860300A22D66}.Release|Any CPU.Build.0 = Release|Any CPU
		{5708FA48-8966-4E52-A9C1-15B6D1EC2F60}.Debug|Any CPU.ActiveCfg = Debug|Any CPU
		{5708FA48-8966-4E52-A9C1-15B6D1EC2F60}.Debug|Any CPU.Build.0 = Debug|Any CPU
		{5708FA48-8966-4E52-A9C1-15B6D1EC2F60}.Release|Any CPU.ActiveCfg = Release|Any CPU
		{5708FA48-8966-4E52-A9C1-15B6D1EC2F60}.Release|Any CPU.Build.0 = Release|Any CPU
		{6030E3E0-4C43-4C54-BC38-EF324A8560C7}.Debug|Any CPU.ActiveCfg = Debug|Any CPU
		{6030E3E0-4C43-4C54-BC38-EF324A8560C7}.Debug|Any CPU.Build.0 = Debug|Any CPU
		{6030E3E0-4C43-4C54-BC38-EF324A8560C7}.Release|Any CPU.ActiveCfg = Release|Any CPU
		{6030E3E0-4C43-4C54-BC38-EF324A8560C7}.Release|Any CPU.Build.0 = Release|Any CPU
	EndGlobalSection
	GlobalSection(NestedProjects) = preSolution
		{89AC224C-36D2-49FF-AA65-DB1C58DEFF89} = {EABECDFD-EE83-4F09-A964-088A82353D5E}
		{9FD6199A-860B-41A1-A55A-93AFFDDB2D27} = {EABECDFD-EE83-4F09-A964-088A82353D5E}
		{0598F722-700B-4AD1-9C1C-1BF9A3A4C511} = {6D708361-338F-4D74-9D2C-035537691781}
		{AFCA67C8-755B-4A59-9B8B-F5100CE3DC6B} = {6D708361-338F-4D74-9D2C-035537691781}
		{1FAAF2D6-E773-4932-A612-860300A22D66} = {EB06D80D-69FB-49B4-B931-6B0B1B9A31CA}
		{5708FA48-8966-4E52-A9C1-15B6D1EC2F60} = {EB06D80D-69FB-49B4-B931-6B0B1B9A31CA}
		{6030E3E0-4C43-4C54-BC38-EF324A8560C7} = {EB06D80D-69FB-49B4-B931-6B0B1B9A31CA}
	EndGlobalSection
EndGlobal
