
Microsoft Visual Studio Solution File, Format Version 12.00
Project("{FAE04EC0-301F-11D3-BF4B-00C04F79EFBC}") = "EventSource", "EventSource\EventSource.csproj", "{A8051EFB-CE23-4B16-96AC-6C43D2A1F6D0}"
EndProject
Project("{FAE04EC0-301F-11D3-BF4B-00C04F79EFBC}") = "EventSource.ConsoleApp", "EventSource.ConsoleApp\EventSource.ConsoleApp.csproj", "{61B768CE-3DA3-4629-BA9F-91F4B77635C6}"
EndProject
Project("{2150E333-8FDC-42A3-9474-1A3956D46DE8}") = "CacheServer", "CacheServer", "{EABECDFD-EE83-4F09-A964-088A82353D5E}"
EndProject
Project("{2150E333-8FDC-42A3-9474-1A3956D46DE8}") = "MessageBrokers", "MessageBrokers", "{6D708361-338F-4D74-9D2C-035537691781}"
EndProject
Project("{FAE04EC0-301F-11D3-BF4B-00C04F79EFBC}") = "CacheServerCore", "CacheServerCore\CacheServerCore.csproj", "{89AC224C-36D2-49FF-AA65-DB1C58DEFF89}"
EndProject
Project("{FAE04EC0-301F-11D3-BF4B-00C04F79EFBC}") = "CacheServerCoreTest", "CacheServerCoreTest\CacheServerCoreTest.csproj", "{9FD6199A-860B-41A1-A55A-93AFFDDB2D27}"
EndProject
Project("{FAE04EC0-301F-11D3-BF4B-00C04F79EFBC}") = "Brokers", "Brokers\Brokers.csproj", "{0598F722-700B-4AD1-9C1C-1BF9A3A4C511}"
EndProject
Project("{FAE04EC0-301F-11D3-BF4B-00C04F79EFBC}") = "Broker.Test.Unit", "Broker.Test.Unit\Broker.Test.Unit.csproj", "{AFCA67C8-755B-4A59-9B8B-F5100CE3DC6B}"
EndProject
Project("{2150E333-8FDC-42A3-9474-1A3956D46DE8}") = "UserManager", "UserManager", "{EB06D80D-69FB-49B4-B931-6B0B1B9A31CA}"
EndProject
Project("{FAE04EC0-301F-11D3-BF4B-00C04F79EFBC}") = "UserManagement.core", "UserManagement\UserManagement.core\UserManagement.core.csproj", "{1FAAF2D6-E773-4932-A612-860300A22D66}"
EndProject
Project("{FAE04EC0-301F-11D3-BF4B-00C04F79EFBC}") = "UserManagement.UnitTest", "UserManagement\UserManagement.UnitTest\UserManagement.UnitTest.csproj", "{5708FA48-8966-4E52-A9C1-15B6D1EC2F60}"
EndProject
Project("{FAE04EC0-301F-11D3-BF4B-00C04F79EFBC}") = "UserManager.api", "UserManager.api\UserManager.api.csproj", "{6030E3E0-4C43-4C54-BC38-EF324A8560C7}"
EndProject
Project("{2150E333-8FDC-42A3-9474-1A3956D46DE8}") = "WorkFlows", "WorkFlows", "{DE8A61E7-B49F-4418-87BC-91054A3EAC3E}"
EndProject
Project("{FAE04EC0-301F-11D3-BF4B-00C04F79EFBC}") = "Asom.Lib.Workflows", "Asom.Lib.Workflows\Asom.Lib.Workflows.csproj", "{C0BAD391-FF91-4F7F-97EB-60228ABED38F}"
EndProject
Project("{FAE04EC0-301F-11D3-BF4B-00C04F79EFBC}") = "Asom.Workflows.Test.Unit", "Asom.Workflows.Test.Unit\Asom.Workflows.Test.Unit.csproj", "{421CD818-40F1-4324-8419-DE6B8E6864CF}"
EndProject
Project("{FAE04EC0-301F-11D3-BF4B-00C04F79EFBC}") = "Calcky", "Calcky\Calcky.csproj", "{3FD7BEA5-4079-4A09-A85B-B2A3D78E5E9E}"
EndProject
Project("{2150E333-8FDC-42A3-9474-1A3956D46DE8}") = "Calculator", "Calculator", "{D3C8F444-EB9A-4403-B7B0-3FC692531D29}"
EndProject
Project("{FAE04EC0-301F-11D3-BF4B-00C04F79EFBC}") = "Calcky.Test.TDD", "Calcky.Test.TDD\Calcky.Test.TDD.csproj", "{536473F7-A675-467E-89E1-153BD1362309}"
EndProject
Project("{2150E333-8FDC-42A3-9474-1A3956D46DE8}") = "PaymentSolutionExam", "PaymentSolutionExam", "{AA015B6F-FC55-4ACD-9136-04B681DBAC77}"
EndProject
Project("{2150E333-8FDC-42A3-9474-1A3956D46DE8}") = "zedcrest", "zedcrest", "{C509F9A2-AF10-4558-80F2-7C60DAB696EF}"
EndProject
Project("{2150E333-8FDC-42A3-9474-1A3956D46DE8}") = "app", "app", "{A315092C-713E-42B6-8819-483ACCE8F6DF}"
EndProject
Project("{2150E333-8FDC-42A3-9474-1A3956D46DE8}") = "test", "test", "{5A2AC42D-CF67-4754-951F-21D35968ACFF}"
EndProject
Project("{2150E333-8FDC-42A3-9474-1A3956D46DE8}") = "infrastructure", "infrastructure", "{2A37CE49-05C5-47C5-932D-38F35085117C}"
EndProject
Project("{FAE04EC0-301F-11D3-BF4B-00C04F79EFBC}") = "zedcrestGateway", "zedcrest\app\appGateway\zedcrestGateway\zedcrestGateway.csproj", "{8DF9E381-BD60-4A64-8EB9-991B506568EF}"
EndProject
Project("{2150E333-8FDC-42A3-9474-1A3956D46DE8}") = "wallet-microservice", "wallet-microservice", "{4E79C848-B9A0-49B5-A5DC-50E64D1E8C34}"
EndProject
Project("{2150E333-8FDC-42A3-9474-1A3956D46DE8}") = "user-microservice", "user-microservice", "{08CFA9BB-1432-4726-90C3-D8FE6DF6D5C7}"
EndProject
Project("{FAE04EC0-301F-11D3-BF4B-00C04F79EFBC}") = "zedcrest.services.wallet", "zedcrest\app\wallet\zedcrest.services.wallet\zedcrest.services.wallet.csproj", "{4D066DCE-B864-4A2B-9B82-C900F8B0BA84}"
EndProject
Project("{FAE04EC0-301F-11D3-BF4B-00C04F79EFBC}") = "zedcrest.wallet.core", "zedcrest\app\wallet\zedcrest.wallet.core\zedcrest.wallet.core.csproj", "{54288C21-1E6B-40D1-A43D-AE2C7F2AB318}"
EndProject
Project("{FAE04EC0-301F-11D3-BF4B-00C04F79EFBC}") = "zedcrest.wallet.data", "zedcrest\app\wallet\zedcrest.wallet.data\zedcrest.wallet.data.csproj", "{C05A4754-B651-401A-B49C-1B0FD4ADCCB4}"
EndProject
Project("{2150E333-8FDC-42A3-9474-1A3956D46DE8}") = "forex-microservice", "forex-microservice", "{11D239C2-E99D-43B2-8389-A8DA7EE49736}"
EndProject
Project("{FAE04EC0-301F-11D3-BF4B-00C04F79EFBC}") = "zedcrest.test.tdd.core", "zedcrest.test.tdd.core\zedcrest.test.tdd.core.csproj", "{247A19DA-DEA5-4E2D-93A1-98A5ED2DC2D2}"
EndProject
Global
	GlobalSection(SolutionConfigurationPlatforms) = preSolution
		Debug|Any CPU = Debug|Any CPU
		Release|Any CPU = Release|Any CPU
	EndGlobalSection
	GlobalSection(ProjectConfigurationPlatforms) = postSolution
		{A8051EFB-CE23-4B16-96AC-6C43D2A1F6D0}.Debug|Any CPU.ActiveCfg = Debug|Any CPU
		{A8051EFB-CE23-4B16-96AC-6C43D2A1F6D0}.Debug|Any CPU.Build.0 = Debug|Any CPU
		{A8051EFB-CE23-4B16-96AC-6C43D2A1F6D0}.Release|Any CPU.ActiveCfg = Release|Any CPU
		{A8051EFB-CE23-4B16-96AC-6C43D2A1F6D0}.Release|Any CPU.Build.0 = Release|Any CPU
		{61B768CE-3DA3-4629-BA9F-91F4B77635C6}.Debug|Any CPU.ActiveCfg = Debug|Any CPU
		{61B768CE-3DA3-4629-BA9F-91F4B77635C6}.Debug|Any CPU.Build.0 = Debug|Any CPU
		{61B768CE-3DA3-4629-BA9F-91F4B77635C6}.Release|Any CPU.ActiveCfg = Release|Any CPU
		{61B768CE-3DA3-4629-BA9F-91F4B77635C6}.Release|Any CPU.Build.0 = Release|Any CPU
		{89AC224C-36D2-49FF-AA65-DB1C58DEFF89}.Debug|Any CPU.ActiveCfg = Debug|Any CPU
		{89AC224C-36D2-49FF-AA65-DB1C58DEFF89}.Debug|Any CPU.Build.0 = Debug|Any CPU
		{89AC224C-36D2-49FF-AA65-DB1C58DEFF89}.Release|Any CPU.ActiveCfg = Release|Any CPU
		{89AC224C-36D2-49FF-AA65-DB1C58DEFF89}.Release|Any CPU.Build.0 = Release|Any CPU
		{9FD6199A-860B-41A1-A55A-93AFFDDB2D27}.Debug|Any CPU.ActiveCfg = Debug|Any CPU
		{9FD6199A-860B-41A1-A55A-93AFFDDB2D27}.Debug|Any CPU.Build.0 = Debug|Any CPU
		{9FD6199A-860B-41A1-A55A-93AFFDDB2D27}.Release|Any CPU.ActiveCfg = Release|Any CPU
		{9FD6199A-860B-41A1-A55A-93AFFDDB2D27}.Release|Any CPU.Build.0 = Release|Any CPU
		{0598F722-700B-4AD1-9C1C-1BF9A3A4C511}.Debug|Any CPU.ActiveCfg = Debug|Any CPU
		{0598F722-700B-4AD1-9C1C-1BF9A3A4C511}.Debug|Any CPU.Build.0 = Debug|Any CPU
		{0598F722-700B-4AD1-9C1C-1BF9A3A4C511}.Release|Any CPU.ActiveCfg = Release|Any CPU
		{0598F722-700B-4AD1-9C1C-1BF9A3A4C511}.Release|Any CPU.Build.0 = Release|Any CPU
		{AFCA67C8-755B-4A59-9B8B-F5100CE3DC6B}.Debug|Any CPU.ActiveCfg = Debug|Any CPU
		{AFCA67C8-755B-4A59-9B8B-F5100CE3DC6B}.Debug|Any CPU.Build.0 = Debug|Any CPU
		{AFCA67C8-755B-4A59-9B8B-F5100CE3DC6B}.Release|Any CPU.ActiveCfg = Release|Any CPU
		{AFCA67C8-755B-4A59-9B8B-F5100CE3DC6B}.Release|Any CPU.Build.0 = Release|Any CPU
		{1FAAF2D6-E773-4932-A612-860300A22D66}.Debug|Any CPU.ActiveCfg = Debug|Any CPU
		{1FAAF2D6-E773-4932-A612-860300A22D66}.Debug|Any CPU.Build.0 = Debug|Any CPU
		{1FAAF2D6-E773-4932-A612-860300A22D66}.Release|Any CPU.ActiveCfg = Release|Any CPU
		{1FAAF2D6-E773-4932-A612-860300A22D66}.Release|Any CPU.Build.0 = Release|Any CPU
		{5708FA48-8966-4E52-A9C1-15B6D1EC2F60}.Debug|Any CPU.ActiveCfg = Debug|Any CPU
		{5708FA48-8966-4E52-A9C1-15B6D1EC2F60}.Debug|Any CPU.Build.0 = Debug|Any CPU
		{5708FA48-8966-4E52-A9C1-15B6D1EC2F60}.Release|Any CPU.ActiveCfg = Release|Any CPU
		{5708FA48-8966-4E52-A9C1-15B6D1EC2F60}.Release|Any CPU.Build.0 = Release|Any CPU
		{6030E3E0-4C43-4C54-BC38-EF324A8560C7}.Debug|Any CPU.ActiveCfg = Debug|Any CPU
		{6030E3E0-4C43-4C54-BC38-EF324A8560C7}.Debug|Any CPU.Build.0 = Debug|Any CPU
		{6030E3E0-4C43-4C54-BC38-EF324A8560C7}.Release|Any CPU.ActiveCfg = Release|Any CPU
		{6030E3E0-4C43-4C54-BC38-EF324A8560C7}.Release|Any CPU.Build.0 = Release|Any CPU
		{C0BAD391-FF91-4F7F-97EB-60228ABED38F}.Debug|Any CPU.ActiveCfg = Debug|Any CPU
		{C0BAD391-FF91-4F7F-97EB-60228ABED38F}.Debug|Any CPU.Build.0 = Debug|Any CPU
		{C0BAD391-FF91-4F7F-97EB-60228ABED38F}.Release|Any CPU.ActiveCfg = Release|Any CPU
		{C0BAD391-FF91-4F7F-97EB-60228ABED38F}.Release|Any CPU.Build.0 = Release|Any CPU
		{421CD818-40F1-4324-8419-DE6B8E6864CF}.Debug|Any CPU.ActiveCfg = Debug|Any CPU
		{421CD818-40F1-4324-8419-DE6B8E6864CF}.Debug|Any CPU.Build.0 = Debug|Any CPU
		{421CD818-40F1-4324-8419-DE6B8E6864CF}.Release|Any CPU.ActiveCfg = Release|Any CPU
		{421CD818-40F1-4324-8419-DE6B8E6864CF}.Release|Any CPU.Build.0 = Release|Any CPU
		{3FD7BEA5-4079-4A09-A85B-B2A3D78E5E9E}.Debug|Any CPU.ActiveCfg = Debug|Any CPU
		{3FD7BEA5-4079-4A09-A85B-B2A3D78E5E9E}.Debug|Any CPU.Build.0 = Debug|Any CPU
		{3FD7BEA5-4079-4A09-A85B-B2A3D78E5E9E}.Release|Any CPU.ActiveCfg = Release|Any CPU
		{3FD7BEA5-4079-4A09-A85B-B2A3D78E5E9E}.Release|Any CPU.Build.0 = Release|Any CPU
		{536473F7-A675-467E-89E1-153BD1362309}.Debug|Any CPU.ActiveCfg = Debug|Any CPU
		{536473F7-A675-467E-89E1-153BD1362309}.Debug|Any CPU.Build.0 = Debug|Any CPU
		{536473F7-A675-467E-89E1-153BD1362309}.Release|Any CPU.ActiveCfg = Release|Any CPU
		{536473F7-A675-467E-89E1-153BD1362309}.Release|Any CPU.Build.0 = Release|Any CPU
		{8DF9E381-BD60-4A64-8EB9-991B506568EF}.Debug|Any CPU.ActiveCfg = Debug|Any CPU
		{8DF9E381-BD60-4A64-8EB9-991B506568EF}.Debug|Any CPU.Build.0 = Debug|Any CPU
		{8DF9E381-BD60-4A64-8EB9-991B506568EF}.Release|Any CPU.ActiveCfg = Release|Any CPU
		{8DF9E381-BD60-4A64-8EB9-991B506568EF}.Release|Any CPU.Build.0 = Release|Any CPU
		{4D066DCE-B864-4A2B-9B82-C900F8B0BA84}.Debug|Any CPU.ActiveCfg = Debug|Any CPU
		{4D066DCE-B864-4A2B-9B82-C900F8B0BA84}.Debug|Any CPU.Build.0 = Debug|Any CPU
		{4D066DCE-B864-4A2B-9B82-C900F8B0BA84}.Release|Any CPU.ActiveCfg = Release|Any CPU
		{4D066DCE-B864-4A2B-9B82-C900F8B0BA84}.Release|Any CPU.Build.0 = Release|Any CPU
		{54288C21-1E6B-40D1-A43D-AE2C7F2AB318}.Debug|Any CPU.ActiveCfg = Debug|Any CPU
		{54288C21-1E6B-40D1-A43D-AE2C7F2AB318}.Debug|Any CPU.Build.0 = Debug|Any CPU
		{54288C21-1E6B-40D1-A43D-AE2C7F2AB318}.Release|Any CPU.ActiveCfg = Release|Any CPU
		{54288C21-1E6B-40D1-A43D-AE2C7F2AB318}.Release|Any CPU.Build.0 = Release|Any CPU
		{C05A4754-B651-401A-B49C-1B0FD4ADCCB4}.Debug|Any CPU.ActiveCfg = Debug|Any CPU
		{C05A4754-B651-401A-B49C-1B0FD4ADCCB4}.Debug|Any CPU.Build.0 = Debug|Any CPU
		{C05A4754-B651-401A-B49C-1B0FD4ADCCB4}.Release|Any CPU.ActiveCfg = Release|Any CPU
		{C05A4754-B651-401A-B49C-1B0FD4ADCCB4}.Release|Any CPU.Build.0 = Release|Any CPU
		{247A19DA-DEA5-4E2D-93A1-98A5ED2DC2D2}.Debug|Any CPU.ActiveCfg = Debug|Any CPU
		{247A19DA-DEA5-4E2D-93A1-98A5ED2DC2D2}.Debug|Any CPU.Build.0 = Debug|Any CPU
		{247A19DA-DEA5-4E2D-93A1-98A5ED2DC2D2}.Release|Any CPU.ActiveCfg = Release|Any CPU
		{247A19DA-DEA5-4E2D-93A1-98A5ED2DC2D2}.Release|Any CPU.Build.0 = Release|Any CPU
	EndGlobalSection
	GlobalSection(NestedProjects) = preSolution
		{89AC224C-36D2-49FF-AA65-DB1C58DEFF89} = {EABECDFD-EE83-4F09-A964-088A82353D5E}
		{9FD6199A-860B-41A1-A55A-93AFFDDB2D27} = {EABECDFD-EE83-4F09-A964-088A82353D5E}
		{0598F722-700B-4AD1-9C1C-1BF9A3A4C511} = {6D708361-338F-4D74-9D2C-035537691781}
		{AFCA67C8-755B-4A59-9B8B-F5100CE3DC6B} = {6D708361-338F-4D74-9D2C-035537691781}
		{1FAAF2D6-E773-4932-A612-860300A22D66} = {EB06D80D-69FB-49B4-B931-6B0B1B9A31CA}
		{5708FA48-8966-4E52-A9C1-15B6D1EC2F60} = {EB06D80D-69FB-49B4-B931-6B0B1B9A31CA}
		{6030E3E0-4C43-4C54-BC38-EF324A8560C7} = {EB06D80D-69FB-49B4-B931-6B0B1B9A31CA}
		{C0BAD391-FF91-4F7F-97EB-60228ABED38F} = {DE8A61E7-B49F-4418-87BC-91054A3EAC3E}
		{421CD818-40F1-4324-8419-DE6B8E6864CF} = {DE8A61E7-B49F-4418-87BC-91054A3EAC3E}
		{3FD7BEA5-4079-4A09-A85B-B2A3D78E5E9E} = {D3C8F444-EB9A-4403-B7B0-3FC692531D29}
		{536473F7-A675-467E-89E1-153BD1362309} = {D3C8F444-EB9A-4403-B7B0-3FC692531D29}
		{C509F9A2-AF10-4558-80F2-7C60DAB696EF} = {AA015B6F-FC55-4ACD-9136-04B681DBAC77}
		{A315092C-713E-42B6-8819-483ACCE8F6DF} = {C509F9A2-AF10-4558-80F2-7C60DAB696EF}
		{5A2AC42D-CF67-4754-951F-21D35968ACFF} = {C509F9A2-AF10-4558-80F2-7C60DAB696EF}
		{2A37CE49-05C5-47C5-932D-38F35085117C} = {C509F9A2-AF10-4558-80F2-7C60DAB696EF}
		{8DF9E381-BD60-4A64-8EB9-991B506568EF} = {A315092C-713E-42B6-8819-483ACCE8F6DF}
		{4E79C848-B9A0-49B5-A5DC-50E64D1E8C34} = {A315092C-713E-42B6-8819-483ACCE8F6DF}
		{08CFA9BB-1432-4726-90C3-D8FE6DF6D5C7} = {A315092C-713E-42B6-8819-483ACCE8F6DF}
		{4D066DCE-B864-4A2B-9B82-C900F8B0BA84} = {4E79C848-B9A0-49B5-A5DC-50E64D1E8C34}
		{54288C21-1E6B-40D1-A43D-AE2C7F2AB318} = {4E79C848-B9A0-49B5-A5DC-50E64D1E8C34}
		{C05A4754-B651-401A-B49C-1B0FD4ADCCB4} = {4E79C848-B9A0-49B5-A5DC-50E64D1E8C34}
		{11D239C2-E99D-43B2-8389-A8DA7EE49736} = {A315092C-713E-42B6-8819-483ACCE8F6DF}
		{247A19DA-DEA5-4E2D-93A1-98A5ED2DC2D2} = {5A2AC42D-CF67-4754-951F-21D35968ACFF}
	EndGlobalSection
EndGlobal
